
Microsoft Visual Studio Solution File, Format Version 12.00
# Visual Studio 15
VisualStudioVersion = 15.0.28307.489
MinimumVisualStudioVersion = 10.0.40219.1
Project("{FAE04EC0-301F-11D3-BF4B-00C04F79EFBC}") = "RacingAssignNw", "RacingAssignNw\RacingAssignNw.csproj", "{D2B8B2D1-E362-4D24-AE61-8BF96BAECEBC}"
EndProject
Project("{FAE04EC0-301F-11D3-BF4B-00C04F79EFBC}") = "RacingAssignNwTests", "RacingAssignNwTests\RacingAssignNwTests.csproj", "{7796F85A-9107-4CD8-BC49-C1B5EF3A53D3}"
EndProject
Global
	GlobalSection(SolutionConfigurationPlatforms) = preSolution
		Debug|Any CPU = Debug|Any CPU
		Release|Any CPU = Release|Any CPU
	EndGlobalSection
	GlobalSection(ProjectConfigurationPlatforms) = postSolution
		{D2B8B2D1-E362-4D24-AE61-8BF96BAECEBC}.Debug|Any CPU.ActiveCfg = Debug|Any CPU
		{D2B8B2D1-E362-4D24-AE61-8BF96BAECEBC}.Debug|Any CPU.Build.0 = Debug|Any CPU
		{D2B8B2D1-E362-4D24-AE61-8BF96BAECEBC}.Release|Any CPU.ActiveCfg = Release|Any CPU
		{D2B8B2D1-E362-4D24-AE61-8BF96BAECEBC}.Release|Any CPU.Build.0 = Release|Any CPU
		{7796F85A-9107-4CD8-BC49-C1B5EF3A53D3}.Debug|Any CPU.ActiveCfg = Debug|Any CPU
		{7796F85A-9107-4CD8-BC49-C1B5EF3A53D3}.Debug|Any CPU.Build.0 = Debug|Any CPU
		{7796F85A-9107-4CD8-BC49-C1B5EF3A53D3}.Release|Any CPU.ActiveCfg = Release|Any CPU
		{7796F85A-9107-4CD8-BC49-C1B5EF3A53D3}.Release|Any CPU.Build.0 = Release|Any CPU
	EndGlobalSection
	GlobalSection(SolutionProperties) = preSolution
		HideSolutionNode = FALSE
	EndGlobalSection
	GlobalSection(ExtensibilityGlobals) = postSolution
		SolutionGuid = {2D29639D-4F6A-4D0E-8689-7684BFF6A6BD}
	EndGlobalSection
EndGlobal
